
Microsoft Visual Studio Solution File, Format Version 12.00
# Visual Studio Version 16
VisualStudioVersion = 16.0.28803.156
MinimumVisualStudioVersion = 10.0.40219.1
Project("{FAE04EC0-301F-11D3-BF4B-00C04F79EFBC}") = "AjuPrince.ORM", "AjuPrince.ORM.csproj", "{6A49791F-AE32-4CC7-90BD-DCFFAFCAF49D}"
EndProject
Global
	GlobalSection(SolutionConfigurationPlatforms) = preSolution
		Debug|Any CPU = Debug|Any CPU
		Release|Any CPU = Release|Any CPU
	EndGlobalSection
	GlobalSection(ProjectConfigurationPlatforms) = postSolution
		{6A49791F-AE32-4CC7-90BD-DCFFAFCAF49D}.Debug|Any CPU.ActiveCfg = Debug|Any CPU
		{6A49791F-AE32-4CC7-90BD-DCFFAFCAF49D}.Debug|Any CPU.Build.0 = Debug|Any CPU
		{6A49791F-AE32-4CC7-90BD-DCFFAFCAF49D}.Release|Any CPU.ActiveCfg = Release|Any CPU
		{6A49791F-AE32-4CC7-90BD-DCFFAFCAF49D}.Release|Any CPU.Build.0 = Release|Any CPU
	EndGlobalSection
	GlobalSection(SolutionProperties) = preSolution
		HideSolutionNode = FALSE
	EndGlobalSection
	GlobalSection(ExtensibilityGlobals) = postSolution
		SolutionGuid = {5D0F453D-09FE-4215-8166-6710CBBA50B0}
	EndGlobalSection
EndGlobal
